{
  "requires": true,
  "lockfileVersion": 1,
  "dependencies": {
    "@wiris/mathtype-generic": {
      "version": "7.15.0",
      "resolved": "https://registry.npmjs.org/@wiris/mathtype-generic/-/mathtype-generic-7.15.0.tgz",
      "integrity": "sha512-tjCkjMAMpp5CpGHDWPAbsnOVY9CP8cnJfXxsGzx1a7Q08jAcMhzk76SwirWNGXL35AdPDzB9CLY6KxVebhd7YQ=="
    }
  }
}
